
Microsoft Visual Studio Solution File, Format Version 12.00
# Visual Studio Version 17
VisualStudioVersion = 17.13.35825.156 d17.13
MinimumVisualStudioVersion = 10.0.40219.1
Project("{FAE04EC0-301F-11D3-BF4B-00C04F79EFBC}") = "ebayCustomNotifier", "ebayCustomNotifier\ebayCustomNotifier.csproj", "{EA20A7A6-0A2B-41FB-A0D6-36ACD56F4EF8}"
EndProject
Global
	GlobalSection(SolutionConfigurationPlatforms) = preSolution
		Debug|Any CPU = Debug|Any CPU
		Release|Any CPU = Release|Any CPU
	EndGlobalSection
	GlobalSection(ProjectConfigurationPlatforms) = postSolution
		{EA20A7A6-0A2B-41FB-A0D6-36ACD56F4EF8}.Debug|Any CPU.ActiveCfg = Debug|Any CPU
		{EA20A7A6-0A2B-41FB-A0D6-36ACD56F4EF8}.Debug|Any CPU.Build.0 = Debug|Any CPU
		{EA20A7A6-0A2B-41FB-A0D6-36ACD56F4EF8}.Release|Any CPU.ActiveCfg = Release|Any CPU
		{EA20A7A6-0A2B-41FB-A0D6-36ACD56F4EF8}.Release|Any CPU.Build.0 = Release|Any CPU
	EndGlobalSection
	GlobalSection(SolutionProperties) = preSolution
		HideSolutionNode = FALSE
	EndGlobalSection
	GlobalSection(ExtensibilityGlobals) = postSolution
		SolutionGuid = {C3D9602A-C2DF-45C7-8B02-1752F84B27F8}
	EndGlobalSection
EndGlobal
